
Microsoft Visual Studio Solution File, Format Version 12.00
# Visual Studio Version 16
VisualStudioVersion = 16.0.30204.135
MinimumVisualStudioVersion = 10.0.40219.1
Project("{9A19103F-16F7-4668-BE54-9A1E7A4F7556}") = "DeliveryPlanner", "DeliveryPlanner\DeliveryPlanner.csproj", "{1B18FF14-C40B-433C-A8C1-5313E10E42C9}"
EndProject
Project("{9A19103F-16F7-4668-BE54-9A1E7A4F7556}") = "DeliveryPlanner.Tests", "DeliveryPlanner.Tests\DeliveryPlanner.Tests.csproj", "{DE078B1D-F484-4187-9DA4-81941764DB31}"
EndProject
Global
	GlobalSection(SolutionConfigurationPlatforms) = preSolution
		Debug|Any CPU = Debug|Any CPU
		Release|Any CPU = Release|Any CPU
	EndGlobalSection
	GlobalSection(ProjectConfigurationPlatforms) = postSolution
		{1B18FF14-C40B-433C-A8C1-5313E10E42C9}.Debug|Any CPU.ActiveCfg = Debug|Any CPU
		{1B18FF14-C40B-433C-A8C1-5313E10E42C9}.Debug|Any CPU.Build.0 = Debug|Any CPU
		{1B18FF14-C40B-433C-A8C1-5313E10E42C9}.Release|Any CPU.ActiveCfg = Release|Any CPU
		{1B18FF14-C40B-433C-A8C1-5313E10E42C9}.Release|Any CPU.Build.0 = Release|Any CPU
		{DE078B1D-F484-4187-9DA4-81941764DB31}.Debug|Any CPU.ActiveCfg = Debug|Any CPU
		{DE078B1D-F484-4187-9DA4-81941764DB31}.Debug|Any CPU.Build.0 = Debug|Any CPU
		{DE078B1D-F484-4187-9DA4-81941764DB31}.Release|Any CPU.ActiveCfg = Release|Any CPU
		{DE078B1D-F484-4187-9DA4-81941764DB31}.Release|Any CPU.Build.0 = Release|Any CPU
	EndGlobalSection
	GlobalSection(SolutionProperties) = preSolution
		HideSolutionNode = FALSE
	EndGlobalSection
	GlobalSection(ExtensibilityGlobals) = postSolution
		SolutionGuid = {6A606EA4-7131-4095-A265-97E09D419B7B}
	EndGlobalSection
EndGlobal
